
Microsoft Visual Studio Solution File, Format Version 12.00
# Visual Studio Version 17
VisualStudioVersion = 17.11.35303.130
MinimumVisualStudioVersion = 10.0.40219.1
Project("{FAE04EC0-301F-11D3-BF4B-00C04F79EFBC}") = "TodoApp", "TodoApp\TodoApp.csproj", "{BFCD30E5-0185-4D36-95D8-62BE92222697}"
EndProject
Global
	GlobalSection(SolutionConfigurationPlatforms) = preSolution
		Debug|Any CPU = Debug|Any CPU
		Release|Any CPU = Release|Any CPU
	EndGlobalSection
	GlobalSection(ProjectConfigurationPlatforms) = postSolution
		{BFCD30E5-0185-4D36-95D8-62BE92222697}.Debug|Any CPU.ActiveCfg = Debug|Any CPU
		{BFCD30E5-0185-4D36-95D8-62BE92222697}.Debug|Any CPU.Build.0 = Debug|Any CPU
		{BFCD30E5-0185-4D36-95D8-62BE92222697}.Release|Any CPU.ActiveCfg = Release|Any CPU
		{BFCD30E5-0185-4D36-95D8-62BE92222697}.Release|Any CPU.Build.0 = Release|Any CPU
	EndGlobalSection
	GlobalSection(SolutionProperties) = preSolution
		HideSolutionNode = FALSE
	EndGlobalSection
	GlobalSection(ExtensibilityGlobals) = postSolution
		SolutionGuid = {904F8F36-287C-4830-B465-D919A35170D9}
	EndGlobalSection
EndGlobal
